
Microsoft Visual Studio Solution File, Format Version 12.00
# Visual Studio 15
Project("{FAE04EC0-301F-11D3-BF4B-00C04F79EFBC}") = "Assembly-CSharp", "Assembly-CSharp.csproj", "{D5DF5333-C223-C0B2-D3D3-EEC0A9C4D1D9}"
EndProject
Project("{FAE04EC0-301F-11D3-BF4B-00C04F79EFBC}") = "Assembly-CSharp-Editor", "Assembly-CSharp-Editor.csproj", "{A3FA8662-0F4E-851E-3A7D-98E674CEB7A0}"
EndProject
Project("{FAE04EC0-301F-11D3-BF4B-00C04F79EFBC}") = "Assembly-CSharp-Editor-firstpass", "Assembly-CSharp-Editor-firstpass.csproj", "{C5B7F547-7E5F-DDD4-DEB2-8060D30B7F1D}"
EndProject
Global
	GlobalSection(SolutionConfigurationPlatforms) = preSolution
		Debug|Any CPU = Debug|Any CPU
		Release|Any CPU = Release|Any CPU
	EndGlobalSection
	GlobalSection(ProjectConfigurationPlatforms) = postSolution
		{D5DF5333-C223-C0B2-D3D3-EEC0A9C4D1D9}.Debug|Any CPU.ActiveCfg = Debug|Any CPU
		{D5DF5333-C223-C0B2-D3D3-EEC0A9C4D1D9}.Debug|Any CPU.Build.0 = Debug|Any CPU
		{D5DF5333-C223-C0B2-D3D3-EEC0A9C4D1D9}.Release|Any CPU.ActiveCfg = Release|Any CPU
		{D5DF5333-C223-C0B2-D3D3-EEC0A9C4D1D9}.Release|Any CPU.Build.0 = Release|Any CPU
		{A3FA8662-0F4E-851E-3A7D-98E674CEB7A0}.Debug|Any CPU.ActiveCfg = Debug|Any CPU
		{A3FA8662-0F4E-851E-3A7D-98E674CEB7A0}.Debug|Any CPU.Build.0 = Debug|Any CPU
		{A3FA8662-0F4E-851E-3A7D-98E674CEB7A0}.Release|Any CPU.ActiveCfg = Release|Any CPU
		{A3FA8662-0F4E-851E-3A7D-98E674CEB7A0}.Release|Any CPU.Build.0 = Release|Any CPU
		{C5B7F547-7E5F-DDD4-DEB2-8060D30B7F1D}.Debug|Any CPU.ActiveCfg = Debug|Any CPU
		{C5B7F547-7E5F-DDD4-DEB2-8060D30B7F1D}.Debug|Any CPU.Build.0 = Debug|Any CPU
		{C5B7F547-7E5F-DDD4-DEB2-8060D30B7F1D}.Release|Any CPU.ActiveCfg = Release|Any CPU
		{C5B7F547-7E5F-DDD4-DEB2-8060D30B7F1D}.Release|Any CPU.Build.0 = Release|Any CPU
	EndGlobalSection
	GlobalSection(SolutionProperties) = preSolution
		HideSolutionNode = FALSE
	EndGlobalSection
EndGlobal
